// !$*UTF8*$!
{
	archiveVersion = 1;
	classes = {
	};
	objectVersion = 46;
	objects = {

/* Begin PBXBuildFile section */
		D86656161D3FDCA4006BDE42 /* AppDelegate.swift in Sources */ = {isa = PBXBuildFile; fileRef = D86656151D3FDCA4006BDE42 /* AppDelegate.swift */; };
		D86656181D3FDCA4006BDE42 /* ViewController.swift in Sources */ = {isa = PBXBuildFile; fileRef = D86656171D3FDCA4006BDE42 /* ViewController.swift */; };
		D866561B1D3FDCA4006BDE42 /* Main.storyboard in Resources */ = {isa = PBXBuildFile; fileRef = D86656191D3FDCA4006BDE42 /* Main.storyboard */; };
		D866561D1D3FDCA4006BDE42 /* Assets.xcassets in Resources */ = {isa = PBXBuildFile; fileRef = D866561C1D3FDCA4006BDE42 /* Assets.xcassets */; };
		D86656201D3FDCA4006BDE42 /* LaunchScreen.storyboard in Resources */ = {isa = PBXBuildFile; fileRef = D866561E1D3FDCA4006BDE42 /* LaunchScreen.storyboard */; };
		D866562B1D3FDCA4006BDE42 /* TestTests.swift in Sources */ = {isa = PBXBuildFile; fileRef = D866562A1D3FDCA4006BDE42 /* TestTests.swift */; };
		D86656361D3FDCA4006BDE42 /* TestUITests.swift in Sources */ = {isa = PBXBuildFile; fileRef = D86656351D3FDCA4006BDE42 /* TestUITests.swift */; };
		D87332CE1D454C49003C8693 /* Test.swift in Sources */ = {isa = PBXBuildFile; fileRef = D87332CD1D454C49003C8693 /* Test.swift */; };
/* End PBXBuildFile section */

/* Begin PBXContainerItemProxy section */
		D86656271D3FDCA4006BDE42 /* PBXContainerItemProxy */ = {
			isa = PBXContainerItemProxy;
			containerPortal = D866560A1D3FDCA2006BDE42 /* Project object */;
			proxyType = 1;
			remoteGlobalIDString = D86656111D3FDCA2006BDE42;
			remoteInfo = Test;
		};
		D86656321D3FDCA4006BDE42 /* PBXContainerItemProxy */ = {
			isa = PBXContainerItemProxy;
			containerPortal = D866560A1D3FDCA2006BDE42 /* Project object */;
			proxyType = 1;
			remoteGlobalIDString = D86656111D3FDCA2006BDE42;
			remoteInfo = Test;
		};
/* End PBXContainerItemProxy section */

/* Begin PBXFileReference section */
		D86656121D3FDCA2006BDE42 /* Test.app */ = {isa = PBXFileReference; explicitFileType = wrapper.application; includeInIndex = 0; path = Test.app; sourceTree = BUILT_PRODUCTS_DIR; };
		D86656151D3FDCA4006BDE42 /* AppDelegate.swift */ = {isa = PBXFileReference; lastKnownFileType = sourcecode.swift; path = AppDelegate.swift; sourceTree = "<group>"; };
		D86656171D3FDCA4006BDE42 /* ViewController.swift */ = {isa = PBXFileReference; lastKnownFileType = sourcecode.swift; path = ViewController.swift; sourceTree = "<group>"; };
		D866561A1D3FDCA4006BDE42 /* Base */ = {isa = PBXFileReference; lastKnownFileType = file.storyboard; name = Base; path = Base.lproj/Main.storyboard; sourceTree = "<group>"; };
		D866561C1D3FDCA4006BDE42 /* Assets.xcassets */ = {isa = PBXFileReference; lastKnownFileType = folder.assetcatalog; path = Assets.xcassets; sourceTree = "<group>"; };
		D866561F1D3FDCA4006BDE42 /* Base */ = {isa = PBXFileReference; lastKnownFileType = file.storyboard; name = Base; path = Base.lproj/LaunchScreen.storyboard; sourceTree = "<group>"; };
		D86656211D3FDCA4006BDE42 /* Info.plist */ = {isa = PBXFileReference; lastKnownFileType = text.plist.xml; path = Info.plist; sourceTree = "<group>"; };
		D86656261D3FDCA4006BDE42 /* TestTests.xctest */ = {isa = PBXFileReference; explicitFileType = wrapper.cfbundle; includeInIndex = 0; path = TestTests.xctest; sourceTree = BUILT_PRODUCTS_DIR; };
		D866562A1D3FDCA4006BDE42 /* TestTests.swift */ = {isa = PBXFileReference; lastKnownFileType = sourcecode.swift; path = TestTests.swift; sourceTree = "<group>"; };
		D866562C1D3FDCA4006BDE42 /* Info.plist */ = {isa = PBXFileReference; lastKnownFileType = text.plist.xml; path = Info.plist; sourceTree = "<group>"; };
		D86656311D3FDCA4006BDE42 /* TestUITests.xctest */ = {isa = PBXFileReference; explicitFileType = wrapper.cfbundle; includeInIndex = 0; path = TestUITests.xctest; sourceTree = BUILT_PRODUCTS_DIR; };
		D86656351D3FDCA4006BDE42 /* TestUITests.swift */ = {isa = PBXFileReference; lastKnownFileType = sourcecode.swift; path = TestUITests.swift; sourceTree = "<group>"; };
		D86656371D3FDCA4006BDE42 /* Info.plist */ = {isa = PBXFileReference; lastKnownFileType = text.plist.xml; path = Info.plist; sourceTree = "<group>"; };
		D87332CD1D454C49003C8693 /* Test.swift */ = {isa = PBXFileReference; fileEncoding = 4; lastKnownFileType = sourcecode.swift; path = Test.swift; sourceTree = "<group>"; };
/* End PBXFileReference section */

/* Begin PBXFrameworksBuildPhase section */
		D866560F1D3FDCA2006BDE42 /* Frameworks */ = {
			isa = PBXFrameworksBuildPhase;
			buildActionMask = 2147483647;
			files = (
			);
			runOnlyForDeploymentPostprocessing = 0;
		};
		D86656231D3FDCA4006BDE42 /* Frameworks */ = {
			isa = PBXFrameworksBuildPhase;
			buildActionMask = 2147483647;
			files = (
			);
			runOnlyForDeploymentPostprocessing = 0;
		};
		D866562E1D3FDCA4006BDE42 /* Frameworks */ = {
			isa = PBXFrameworksBuildPhase;
			buildActionMask = 2147483647;
			files = (
			);
			runOnlyForDeploymentPostprocessing = 0;
		};
/* End PBXFrameworksBuildPhase section */

/* Begin PBXGroup section */
		D86656091D3FDCA2006BDE42 = {
			isa = PBXGroup;
			children = (
				D86656141D3FDCA4006BDE42 /* Test */,
				D86656291D3FDCA4006BDE42 /* TestTests */,
				D86656341D3FDCA4006BDE42 /* TestUITests */,
				D86656131D3FDCA2006BDE42 /* Products */,
			);
			sourceTree = "<group>";
		};
		D86656131D3FDCA2006BDE42 /* Products */ = {
			isa = PBXGroup;
			children = (
				D86656121D3FDCA2006BDE42 /* Test.app */,
				D86656261D3FDCA4006BDE42 /* TestTests.xctest */,
				D86656311D3FDCA4006BDE42 /* TestUITests.xctest */,
			);
			name = Products;
			sourceTree = "<group>";
		};
		D86656141D3FDCA4006BDE42 /* Test */ = {
			isa = PBXGroup;
			children = (
				D86656151D3FDCA4006BDE42 /* AppDelegate.swift */,
				D86656171D3FDCA4006BDE42 /* ViewController.swift */,
				D87332CD1D454C49003C8693 /* Test.swift */,
				D86656191D3FDCA4006BDE42 /* Main.storyboard */,
				D866561C1D3FDCA4006BDE42 /* Assets.xcassets */,
				D866561E1D3FDCA4006BDE42 /* LaunchScreen.storyboard */,
				D86656211D3FDCA4006BDE42 /* Info.plist */,
			);
			path = Test;
			sourceTree = "<group>";
		};
		D86656291D3FDCA4006BDE42 /* TestTests */ = {
			isa = PBXGroup;
			children = (
				D866562A1D3FDCA4006BDE42 /* TestTests.swift */,
				D866562C1D3FDCA4006BDE42 /* Info.plist */,
			);
			path = TestTests;
			sourceTree = "<group>";
		};
		D86656341D3FDCA4006BDE42 /* TestUITests */ = {
			isa = PBXGroup;
			children = (
				D86656351D3FDCA4006BDE42 /* TestUITests.swift */,
				D86656371D3FDCA4006BDE42 /* Info.plist */,
			);
			path = TestUITests;
			sourceTree = "<group>";
		};
/* End PBXGroup section */

/* Begin PBXNativeTarget section */
		D86656111D3FDCA2006BDE42 /* Test */ = {
			isa = PBXNativeTarget;
			buildConfigurationList = D866563A1D3FDCA4006BDE42 /* Build configuration list for PBXNativeTarget "Test" */;
			buildPhases = (
				D866560E1D3FDCA2006BDE42 /* Sources */,
				D866560F1D3FDCA2006BDE42 /* Frameworks */,
				D86656101D3FDCA2006BDE42 /* Resources */,
			);
			buildRules = (
			);
			dependencies = (
			);
			name = Test;
			productName = Test;
			productReference = D86656121D3FDCA2006BDE42 /* Test.app */;
			productType = "com.apple.product-type.application";
		};
		D86656251D3FDCA4006BDE42 /* TestTests */ = {
			isa = PBXNativeTarget;
			buildConfigurationList = D866563D1D3FDCA4006BDE42 /* Build configuration list for PBXNativeTarget "TestTests" */;
			buildPhases = (
				D86656221D3FDCA4006BDE42 /* Sources */,
				D86656231D3FDCA4006BDE42 /* Frameworks */,
				D86656241D3FDCA4006BDE42 /* Resources */,
			);
			buildRules = (
			);
			dependencies = (
				D86656281D3FDCA4006BDE42 /* PBXTargetDependency */,
			);
			name = TestTests;
			productName = TestTests;
			productReference = D86656261D3FDCA4006BDE42 /* TestTests.xctest */;
			productType = "com.apple.product-type.bundle.unit-test";
		};
		D86656301D3FDCA4006BDE42 /* TestUITests */ = {
			isa = PBXNativeTarget;
			buildConfigurationList = D86656401D3FDCA4006BDE42 /* Build configuration list for PBXNativeTarget "TestUITests" */;
			buildPhases = (
				D866562D1D3FDCA4006BDE42 /* Sources */,
				D866562E1D3FDCA4006BDE42 /* Frameworks */,
				D866562F1D3FDCA4006BDE42 /* Resources */,
			);
			buildRules = (
			);
			dependencies = (
				D86656331D3FDCA4006BDE42 /* PBXTargetDependency */,
			);
			name = TestUITests;
			productName = TestUITests;
			productReference = D86656311D3FDCA4006BDE42 /* TestUITests.xctest */;
			productType = "com.apple.product-type.bundle.ui-testing";
		};
/* End PBXNativeTarget section */

/* Begin PBXProject section */
		D866560A1D3FDCA2006BDE42 /* Project object */ = {
			isa = PBXProject;
			attributes = {
				LastSwiftUpdateCheck = 0730;
				LastUpgradeCheck = 0730;
				ORGANIZATIONNAME = "David Rosillo Ricardo";
				TargetAttributes = {
					D86656111D3FDCA2006BDE42 = {
						CreatedOnToolsVersion = 7.3.1;
						DevelopmentTeam = VBKM8BVQR4;
					};
					D86656251D3FDCA4006BDE42 = {
						CreatedOnToolsVersion = 7.3.1;
						TestTargetID = D86656111D3FDCA2006BDE42;
					};
					D86656301D3FDCA4006BDE42 = {
						CreatedOnToolsVersion = 7.3.1;
						TestTargetID = D86656111D3FDCA2006BDE42;
					};
				};
			};
			buildConfigurationList = D866560D1D3FDCA2006BDE42 /* Build configuration list for PBXProject "Test" */;
			compatibilityVersion = "Xcode 3.2";
			developmentRegion = English;
			hasScannedForEncodings = 0;
			knownRegions = (
				en,
				Base,
			);
			mainGroup = D86656091D3FDCA2006BDE42;
			productRefGroup = D86656131D3FDCA2006BDE42 /* Products */;
			projectDirPath = "";
			projectRoot = "";
			targets = (
				D86656111D3FDCA2006BDE42 /* Test */,
				D86656251D3FDCA4006BDE42 /* TestTests */,
				D86656301D3FDCA4006BDE42 /* TestUITests */,
			);
		};
/* End PBXProject section */

/* Begin PBXResourcesBuildPhase section */
		D86656101D3FDCA2006BDE42 /* Resources */ = {
			isa = PBXResourcesBuildPhase;
			buildActionMask = 2147483647;
			files = (
				D86656201D3FDCA4006BDE42 /* LaunchScreen.storyboard in Resources */,
				D866561D1D3FDCA4006BDE42 /* Assets.xcassets in Resources */,
				D866561B1D3FDCA4006BDE42 /* Main.storyboard in Resources */,
			);
			runOnlyForDeploymentPostprocessing = 0;
		};
		D86656241D3FDCA4006BDE42 /* Resources */ = {
			isa = PBXResourcesBuildPhase;
			buildActionMask = 2147483647;
			files = (
			);
			runOnlyForDeploymentPostprocessing = 0;
		};
		D866562F1D3FDCA4006BDE42 /* Resources */ = {
			isa = PBXResourcesBuildPhase;
			buildActionMask = 2147483647;
			files = (
			);
			runOnlyForDeploymentPostprocessing = 0;
		};
/* End PBXResourcesBuildPhase section */

/* Begin PBXSourcesBuildPhase section */
		D866560E1D3FDCA2006BDE42 /* Sources */ = {
			isa = PBXSourcesBuildPhase;
			buildActionMask = 2147483647;
			files = (
				D86656181D3FDCA4006BDE42 /* ViewController.swift in Sources */,
				D86656161D3FDCA4006BDE42 /* AppDelegate.swift in Sources */,
				D87332CE1D454C49003C8693 /* Test.swift in Sources */,
			);
			runOnlyForDeploymentPostprocessing = 0;
		};
		D86656221D3FDCA4006BDE42 /* Sources */ = {
			isa = PBXSourcesBuildPhase;
			buildActionMask = 2147483647;
			files = (
				D866562B1D3FDCA4006BDE42 /* TestTests.swift in Sources */,
			);
			runOnlyForDeploymentPostprocessing = 0;
		};
		D866562D1D3FDCA4006BDE42 /* Sources */ = {
			isa = PBXSourcesBuildPhase;
			buildActionMask = 2147483647;
			files = (
				D86656361D3FDCA4006BDE42 /* TestUITests.swift in Sources */,
			);
			runOnlyForDeploymentPostprocessing = 0;
		};
/* End PBXSourcesBuildPhase section */

/* Begin PBXTargetDependency section */
		D86656281D3FDCA4006BDE42 /* PBXTargetDependency */ = {
			isa = PBXTargetDependency;
			target = D86656111D3FDCA2006BDE42 /* Test */;
			targetProxy = D86656271D3FDCA4006BDE42 /* PBXContainerItemProxy */;
		};
		D86656331D3FDCA4006BDE42 /* PBXTargetDependency */ = {
			isa = PBXTargetDependency;
			target = D86656111D3FDCA2006BDE42 /* Test */;
			targetProxy = D86656321D3FDCA4006BDE42 /* PBXContainerItemProxy */;
		};
/* End PBXTargetDependency section */

/* Begin PBXVariantGroup section */
		D86656191D3FDCA4006BDE42 /* Main.storyboard */ = {
			isa = PBXVariantGroup;
			children = (
				D866561A1D3FDCA4006BDE42 /* Base */,
			);
			name = Main.storyboard;
			sourceTree = "<group>";
		};
		D866561E1D3FDCA4006BDE42 /* LaunchScreen.storyboard */ = {
			isa = PBXVariantGroup;
			children = (
				D866561F1D3FDCA4006BDE42 /* Base */,
			);
			name = LaunchScreen.storyboard;
			sourceTree = "<group>";
		};
/* End PBXVariantGroup section */

/* Begin XCBuildConfiguration section */
		D86656381D3FDCA4006BDE42 /* Debug */ = {
			isa = XCBuildConfiguration;
			buildSettings = {
				ALWAYS_SEARCH_USER_PATHS = NO;
				CLANG_ANALYZER_NONNULL = YES;
				CLANG_CXX_LANGUAGE_STANDARD = "gnu++0x";
				CLANG_CXX_LIBRARY = "libc++";
				CLANG_ENABLE_MODULES = YES;
				CLANG_ENABLE_OBJC_ARC = YES;
				CLANG_WARN_BOOL_CONVERSION = YES;
				CLANG_WARN_CONSTANT_CONVERSION = YES;
				CLANG_WARN_DIRECT_OBJC_ISA_USAGE = YES_ERROR;
				CLANG_WARN_EMPTY_BODY = YES;
				CLANG_WARN_ENUM_CONVERSION = YES;
				CLANG_WARN_INT_CONVERSION = YES;
				CLANG_WARN_OBJC_ROOT_CLASS = YES_ERROR;
				CLANG_WARN_UNREACHABLE_CODE = YES;
				CLANG_WARN__DUPLICATE_METHOD_MATCH = YES;
				"CODE_SIGN_IDENTITY[sdk=iphoneos*]" = "iPhone Developer";
				COPY_PHASE_STRIP = NO;
				DEBUG_INFORMATION_FORMAT = dwarf;
				ENABLE_STRICT_OBJC_MSGSEND = YES;
				ENABLE_TESTABILITY = YES;
				GCC_C_LANGUAGE_STANDARD = gnu99;
				GCC_DYNAMIC_NO_PIC = NO;
				GCC_NO_COMMON_BLOCKS = YES;
				GCC_OPTIMIZATION_LEVEL = 0;
				GCC_PREPROCESSOR_DEFINITIONS = (
					"DEBUG=1",
					"$(inherited)",
				);
				GCC_WARN_64_TO_32_BIT_CONVERSION = YES;
				GCC_WARN_ABOUT_RETURN_TYPE = YES_ERROR;
				GCC_WARN_UNDECLARED_SELECTOR = YES;
				GCC_WARN_UNINITIALIZED_AUTOS = YES_AGGRESSIVE;
				GCC_WARN_UNUSED_FUNCTION = YES;
				GCC_WARN_UNUSED_VARIABLE = YES;
				IPHONEOS_DEPLOYMENT_TARGET = 9.3;
				MTL_ENABLE_DEBUG_INFO = YES;
				ONLY_ACTIVE_ARCH = YES;
				SDKROOT = iphoneos;
				SWIFT_OPTIMIZATION_LEVEL = "-Onone";
				TARGETED_DEVICE_FAMILY = 2;
			};
			name = Debug;
		};
		D86656391D3FDCA4006BDE42 /* Release */ = {
			isa = XCBuildConfiguration;
			buildSettings = {
				ALWAYS_SEARCH_USER_PATHS = NO;
				CLANG_ANALYZER_NONNULL = YES;
				CLANG_CXX_LANGUAGE_STANDARD = "gnu++0x";
				CLANG_CXX_LIBRARY = "libc++";
				CLANG_ENABLE_MODULES = YES;
				CLANG_ENABLE_OBJC_ARC = YES;
				CLANG_WARN_BOOL_CONVERSION = YES;
				CLANG_WARN_CONSTANT_CONVERSION = YES;
				CLANG_WARN_DIRECT_OBJC_ISA_USAGE = YES_ERROR;
				CLANG_WARN_EMPTY_BODY = YES;
				CLANG_WARN_ENUM_CONVERSION = YES;
				CLANG_WARN_INT_CONVERSION = YES;
				CLANG_WARN_OBJC_ROOT_CLASS = YES_ERROR;
				CLANG_WARN_UNREACHABLE_CODE = YES;
				CLANG_WARN__DUPLICATE_METHOD_MATCH = YES;
				"CODE_SIGN_IDENTITY[sdk=iphoneos*]" = "iPhone Developer";
				COPY_PHASE_STRIP = NO;
				DEBUG_INFORMATION_FORMAT = "dwarf-with-dsym";
				ENABLE_NS_ASSERTIONS = NO;
				ENABLE_STRICT_OBJC_MSGSEND = YES;
				GCC_C_LANGUAGE_STANDARD = gnu99;
				GCC_NO_COMMON_BLOCKS = YES;
				GCC_WARN_64_TO_32_BIT_CONVERSION = YES;
				GCC_WARN_ABOUT_RETURN_TYPE = YES_ERROR;
				GCC_WARN_UNDECLARED_SELECTOR = YES;
				GCC_WARN_UNINITIALIZED_AUTOS = YES_AGGRESSIVE;
				GCC_WARN_UNUSED_FUNCTION = YES;
				GCC_WARN_UNUSED_VARIABLE = YES;
				IPHONEOS_DEPLOYMENT_TARGET = 9.3;
				MTL_ENABLE_DEBUG_INFO = NO;
				SDKROOT = iphoneos;
				TARGETED_DEVICE_FAMILY = 2;
				VALIDATE_PRODUCT = YES;
			};
			name = Release;
		};
		D866563B1D3FDCA4006BDE42 /* Debug */ = {
			isa = XCBuildConfiguration;
			buildSettings = {
				ASSETCATALOG_COMPILER_APPICON_NAME = AppIcon;
				CODE_SIGN_IDENTITY = "iPhone Developer";
				"CODE_SIGN_IDENTITY[sdk=iphoneos*]" = "iPhone Developer";
				INFOPLIST_FILE = Test/Info.plist;
				LD_RUNPATH_SEARCH_PATHS = "$(inherited) @executable_path/Frameworks";
				PRODUCT_BUNDLE_IDENTIFIER = mrjutsu.Test;
				PRODUCT_NAME = "$(TARGET_NAME)";
				PROVISIONING_PROFILE = "";
				TARGETED_DEVICE_FAMILY = 1;
			};
			name = Debug;
		};
		D866563C1D3FDCA4006BDE42 /* Release */ = {
			isa = XCBuildConfiguration;
			buildSettings = {
				ASSETCATALOG_COMPILER_APPICON_NAME = AppIcon;
				CODE_SIGN_IDENTITY = "iPhone Developer";
				"CODE_SIGN_IDENTITY[sdk=iphoneos*]" = "iPhone Developer";
				INFOPLIST_FILE = Test/Info.plist;
				LD_RUNPATH_SEARCH_PATHS = "$(inherited) @executable_path/Frameworks";
				PRODUCT_BUNDLE_IDENTIFIER = mrjutsu.Test;
				PRODUCT_NAME = "$(TARGET_NAME)";
				PROVISIONING_PROFILE = "";
				TARGETED_DEVICE_FAMILY = 1;
			};
			name = Release;
		};
		D866563E1D3FDCA4006BDE42 /* Debug */ = {
			isa = XCBuildConfiguration;
			buildSettings = {
				BUNDLE_LOADER = "$(TEST_HOST)";
				INFOPLIST_FILE = TestTests/Info.plist;
				LD_RUNPATH_SEARCH_PATHS = "$(inherited) @executable_path/Frameworks @loader_path/Frameworks";
				PRODUCT_BUNDLE_IDENTIFIER = mrjutsu.TestTests;
				PRODUCT_NAME = "$(TARGET_NAME)";
				TEST_HOST = "$(BUILT_PRODUCTS_DIR)/Test.app/Test";
			};
			name = Debug;
		};
		D866563F1D3FDCA4006BDE42 /* Release */ = {
			isa = XCBuildConfiguration;
			buildSettings = {
				BUNDLE_LOADER = "$(TEST_HOST)";
				INFOPLIST_FILE = TestTests/Info.plist;
				LD_RUNPATH_SEARCH_PATHS = "$(inherited) @executable_path/Frameworks @loader_path/Frameworks";
				PRODUCT_BUNDLE_IDENTIFIER = mrjutsu.TestTests;
				PRODUCT_NAME = "$(TARGET_NAME)";
				TEST_HOST = "$(BUILT_PRODUCTS_DIR)/Test.app/Test";
			};
			name = Release;
		};
		D86656411D3FDCA4006BDE42 /* Debug */ = {
			isa = XCBuildConfiguration;
			buildSettings = {
				INFOPLIST_FILE = TestUITests/Info.plist;
				LD_RUNPATH_SEARCH_PATHS = "$(inherited) @executable_path/Frameworks @loader_path/Frameworks";
				PRODUCT_BUNDLE_IDENTIFIER = mrjutsu.TestUITests;
				PRODUCT_NAME = "$(TARGET_NAME)";
				TEST_TARGET_NAME = Test;
			};
			name = Debug;
		};
		D86656421D3FDCA4006BDE42 /* Release */ = {
			isa = XCBuildConfiguration;
			buildSettings = {
				INFOPLIST_FILE = TestUITests/Info.plist;
				LD_RUNPATH_SEARCH_PATHS = "$(inherited) @executable_path/Frameworks @loader_path/Frameworks";
				PRODUCT_BUNDLE_IDENTIFIER = mrjutsu.TestUITests;
				PRODUCT_NAME = "$(TARGET_NAME)";
				TEST_TARGET_NAME = Test;
			};
			name = Release;
		};
/* End XCBuildConfiguration section */

/* Begin XCConfigurationList section */
		D866560D1D3FDCA2006BDE42 /* Build configuration list for PBXProject "Test" */ = {
			isa = XCConfigurationList;
			buildConfigurations = (
				D86656381D3FDCA4006BDE42 /* Debug */,
				D86656391D3FDCA4006BDE42 /* Release */,
			);
			defaultConfigurationIsVisible = 0;
			defaultConfigurationName = Release;
		};
		D866563A1D3FDCA4006BDE42 /* Build configuration list for PBXNativeTarget "Test" */ = {
			isa = XCConfigurationList;
			buildConfigurations = (
				D866563B1D3FDCA4006BDE42 /* Debug */,
				D866563C1D3FDCA4006BDE42 /* Release */,
			);
			defaultConfigurationIsVisible = 0;
			defaultConfigurationName = Release;
		};
		D866563D1D3FDCA4006BDE42 /* Build configuration list for PBXNativeTarget "TestTests" */ = {
			isa = XCConfigurationList;
			buildConfigurations = (
				D866563E1D3FDCA4006BDE42 /* Debug */,
				D866563F1D3FDCA4006BDE42 /* Release */,
			);
			defaultConfigurationIsVisible = 0;
			defaultConfigurationName = Release;
		};
		D86656401D3FDCA4006BDE42 /* Build configuration list for PBXNativeTarget "TestUITests" */ = {
			isa = XCConfigurationList;
			buildConfigurations = (
				D86656411D3FDCA4006BDE42 /* Debug */,
				D86656421D3FDCA4006BDE42 /* Release */,
			);
			defaultConfigurationIsVisible = 0;
			defaultConfigurationName = Release;
		};
/* End XCConfigurationList section */
	};
	rootObject = D866560A1D3FDCA2006BDE42 /* Project object */;
}
